
Microsoft Visual Studio Solution File, Format Version 12.00
# Visual Studio Version 17
VisualStudioVersion = 17.13.35919.96 d17.13
MinimumVisualStudioVersion = 10.0.40219.1
Project("{FAE04EC0-301F-11D3-BF4B-00C04F79EFBC}") = "MyFirstASMLib-Tests", "MyFirstASMLib-Tests.csproj", "{60AA3793-C46D-43CB-1CF5-A1582F1016B5}"
EndProject
Global
	GlobalSection(SolutionConfigurationPlatforms) = preSolution
		Debug|Any CPU = Debug|Any CPU
		Release|Any CPU = Release|Any CPU
	EndGlobalSection
	GlobalSection(ProjectConfigurationPlatforms) = postSolution
		{60AA3793-C46D-43CB-1CF5-A1582F1016B5}.Debug|Any CPU.ActiveCfg = Debug|Any CPU
		{60AA3793-C46D-43CB-1CF5-A1582F1016B5}.Debug|Any CPU.Build.0 = Debug|Any CPU
		{60AA3793-C46D-43CB-1CF5-A1582F1016B5}.Release|Any CPU.ActiveCfg = Release|Any CPU
		{60AA3793-C46D-43CB-1CF5-A1582F1016B5}.Release|Any CPU.Build.0 = Release|Any CPU
	EndGlobalSection
	GlobalSection(SolutionProperties) = preSolution
		HideSolutionNode = FALSE
	EndGlobalSection
	GlobalSection(ExtensibilityGlobals) = postSolution
		SolutionGuid = {BF95FE50-C95E-4FC1-B660-CD2A34516501}
	EndGlobalSection
EndGlobal
